# This file is automatically @generated by Cargo.
# It is not intended for manual editing.
[[package]]
name = "Inflector"
version = "0.11.4"
source = "registry+https://github.com/rust-lang/crates.io-index"
dependencies = [
 "lazy_static 1.4.0 (registry+https://github.com/rust-lang/crates.io-index)",
 "regex 1.3.4 (registry+https://github.com/rust-lang/crates.io-index)",
]

[[package]]
name = "adler32"
version = "1.0.4"
source = "registry+https://github.com/rust-lang/crates.io-index"

[[package]]
name = "aho-corasick"
version = "0.7.9"
source = "registry+https://github.com/rust-lang/crates.io-index"
dependencies = [
 "memchr 2.3.3 (registry+https://github.com/rust-lang/crates.io-index)",
]

[[package]]
name = "ansi_term"
version = "0.11.0"
source = "registry+https://github.com/rust-lang/crates.io-index"
dependencies = [
 "winapi 0.3.8 (registry+https://github.com/rust-lang/crates.io-index)",
]

[[package]]
name = "anyhow"
version = "1.0.31"
source = "registry+https://github.com/rust-lang/crates.io-index"

[[package]]
name = "assert_cmd"
version = "0.10.2"
source = "registry+https://github.com/rust-lang/crates.io-index"
dependencies = [
 "escargot 0.3.1 (registry+https://github.com/rust-lang/crates.io-index)",
 "predicates 1.0.4 (registry+https://github.com/rust-lang/crates.io-index)",
 "predicates-core 1.0.0 (registry+https://github.com/rust-lang/crates.io-index)",
 "predicates-tree 1.0.0 (registry+https://github.com/rust-lang/crates.io-index)",
]

[[package]]
name = "atty"
version = "0.2.14"
source = "registry+https://github.com/rust-lang/crates.io-index"
dependencies = [
 "hermit-abi 0.1.8 (registry+https://github.com/rust-lang/crates.io-index)",
 "libc 0.2.67 (registry+https://github.com/rust-lang/crates.io-index)",
 "winapi 0.3.8 (registry+https://github.com/rust-lang/crates.io-index)",
]

[[package]]
name = "autocfg"
version = "1.0.0"
source = "registry+https://github.com/rust-lang/crates.io-index"

[[package]]
name = "base64"
version = "0.12.0"
source = "registry+https://github.com/rust-lang/crates.io-index"

[[package]]
name = "bit-set"
version = "0.5.1"
source = "registry+https://github.com/rust-lang/crates.io-index"
dependencies = [
 "bit-vec 0.5.1 (registry+https://github.com/rust-lang/crates.io-index)",
]

[[package]]
name = "bit-vec"
version = "0.5.1"
source = "registry+https://github.com/rust-lang/crates.io-index"

[[package]]
name = "bitfield"
version = "0.13.2"
source = "registry+https://github.com/rust-lang/crates.io-index"

[[package]]
name = "bitflags"
version = "1.2.1"
source = "registry+https://github.com/rust-lang/crates.io-index"

[[package]]
name = "byteorder"
version = "1.3.4"
source = "registry+https://github.com/rust-lang/crates.io-index"

[[package]]
name = "cc"
version = "1.0.50"
source = "registry+https://github.com/rust-lang/crates.io-index"

[[package]]
name = "cfg-if"
version = "0.1.10"
source = "registry+https://github.com/rust-lang/crates.io-index"

[[package]]
name = "chrono"
version = "0.4.10"
source = "registry+https://github.com/rust-lang/crates.io-index"
dependencies = [
 "num-integer 0.1.42 (registry+https://github.com/rust-lang/crates.io-index)",
 "num-traits 0.2.11 (registry+https://github.com/rust-lang/crates.io-index)",
 "time 0.1.42 (registry+https://github.com/rust-lang/crates.io-index)",
]

[[package]]
name = "clap"
version = "2.33.0"
source = "registry+https://github.com/rust-lang/crates.io-index"
dependencies = [
 "ansi_term 0.11.0 (registry+https://github.com/rust-lang/crates.io-index)",
 "atty 0.2.14 (registry+https://github.com/rust-lang/crates.io-index)",
 "bitflags 1.2.1 (registry+https://github.com/rust-lang/crates.io-index)",
 "strsim 0.8.0 (registry+https://github.com/rust-lang/crates.io-index)",
 "textwrap 0.11.0 (registry+https://github.com/rust-lang/crates.io-index)",
 "unicode-width 0.1.7 (registry+https://github.com/rust-lang/crates.io-index)",
 "vec_map 0.8.1 (registry+https://github.com/rust-lang/crates.io-index)",
]

[[package]]
name = "clicolors-control"
version = "1.0.1"
source = "registry+https://github.com/rust-lang/crates.io-index"
dependencies = [
 "atty 0.2.14 (registry+https://github.com/rust-lang/crates.io-index)",
 "lazy_static 1.4.0 (registry+https://github.com/rust-lang/crates.io-index)",
 "libc 0.2.67 (registry+https://github.com/rust-lang/crates.io-index)",
 "winapi 0.3.8 (registry+https://github.com/rust-lang/crates.io-index)",
]

[[package]]
name = "console"
version = "0.10.0"
source = "registry+https://github.com/rust-lang/crates.io-index"
dependencies = [
 "clicolors-control 1.0.1 (registry+https://github.com/rust-lang/crates.io-index)",
 "encode_unicode 0.3.6 (registry+https://github.com/rust-lang/crates.io-index)",
 "lazy_static 1.4.0 (registry+https://github.com/rust-lang/crates.io-index)",
 "libc 0.2.67 (registry+https://github.com/rust-lang/crates.io-index)",
 "termios 0.3.1 (registry+https://github.com/rust-lang/crates.io-index)",
 "winapi 0.3.8 (registry+https://github.com/rust-lang/crates.io-index)",
]

[[package]]
name = "crc32fast"
version = "1.2.0"
source = "registry+https://github.com/rust-lang/crates.io-index"
dependencies = [
 "cfg-if 0.1.10 (registry+https://github.com/rust-lang/crates.io-index)",
]

[[package]]
name = "debugserver-types"
version = "0.5.0"
source = "registry+https://github.com/rust-lang/crates.io-index"
dependencies = [
 "schemafy 0.5.0 (registry+https://github.com/rust-lang/crates.io-index)",
 "serde 1.0.106 (registry+https://github.com/rust-lang/crates.io-index)",
 "serde_json 1.0.51 (registry+https://github.com/rust-lang/crates.io-index)",
]

[[package]]
name = "derivative"
version = "2.0.2"
source = "registry+https://github.com/rust-lang/crates.io-index"
dependencies = [
 "proc-macro2 1.0.9 (registry+https://github.com/rust-lang/crates.io-index)",
 "quote 1.0.2 (registry+https://github.com/rust-lang/crates.io-index)",
 "syn 1.0.16 (registry+https://github.com/rust-lang/crates.io-index)",
]

[[package]]
name = "difference"
version = "2.0.0"
source = "registry+https://github.com/rust-lang/crates.io-index"

[[package]]
name = "dtoa"
version = "0.4.5"
source = "registry+https://github.com/rust-lang/crates.io-index"

[[package]]
name = "encode_unicode"
version = "0.3.6"
source = "registry+https://github.com/rust-lang/crates.io-index"

[[package]]
name = "enum-primitive-derive"
version = "0.2.1"
source = "registry+https://github.com/rust-lang/crates.io-index"
dependencies = [
 "num-traits 0.2.11 (registry+https://github.com/rust-lang/crates.io-index)",
 "quote 1.0.2 (registry+https://github.com/rust-lang/crates.io-index)",
 "syn 1.0.16 (registry+https://github.com/rust-lang/crates.io-index)",
]

[[package]]
name = "escargot"
version = "0.3.1"
source = "registry+https://github.com/rust-lang/crates.io-index"
dependencies = [
 "serde 1.0.106 (registry+https://github.com/rust-lang/crates.io-index)",
 "serde_json 1.0.51 (registry+https://github.com/rust-lang/crates.io-index)",
]

[[package]]
name = "fallible-iterator"
version = "0.2.0"
source = "registry+https://github.com/rust-lang/crates.io-index"

[[package]]
name = "filetime"
version = "0.2.8"
source = "registry+https://github.com/rust-lang/crates.io-index"
dependencies = [
 "cfg-if 0.1.10 (registry+https://github.com/rust-lang/crates.io-index)",
 "libc 0.2.67 (registry+https://github.com/rust-lang/crates.io-index)",
 "redox_syscall 0.1.56 (registry+https://github.com/rust-lang/crates.io-index)",
 "winapi 0.3.8 (registry+https://github.com/rust-lang/crates.io-index)",
]

[[package]]
name = "flate2"
version = "1.0.13"
source = "registry+https://github.com/rust-lang/crates.io-index"
dependencies = [
 "cfg-if 0.1.10 (registry+https://github.com/rust-lang/crates.io-index)",
 "crc32fast 1.2.0 (registry+https://github.com/rust-lang/crates.io-index)",
 "libc 0.2.67 (registry+https://github.com/rust-lang/crates.io-index)",
 "miniz_oxide 0.3.6 (registry+https://github.com/rust-lang/crates.io-index)",
]

[[package]]
name = "gimli"
version = "0.21.0"
source = "registry+https://github.com/rust-lang/crates.io-index"
dependencies = [
 "fallible-iterator 0.2.0 (registry+https://github.com/rust-lang/crates.io-index)",
 "indexmap 1.3.2 (registry+https://github.com/rust-lang/crates.io-index)",
 "stable_deref_trait 1.1.1 (registry+https://github.com/rust-lang/crates.io-index)",
]

[[package]]
name = "goblin"
version = "0.2.0"
source = "registry+https://github.com/rust-lang/crates.io-index"
dependencies = [
 "log 0.4.8 (registry+https://github.com/rust-lang/crates.io-index)",
 "plain 0.2.3 (registry+https://github.com/rust-lang/crates.io-index)",
 "scroll 0.10.1 (registry+https://github.com/rust-lang/crates.io-index)",
]

[[package]]
name = "hermit-abi"
version = "0.1.8"
source = "registry+https://github.com/rust-lang/crates.io-index"
dependencies = [
 "libc 0.2.67 (registry+https://github.com/rust-lang/crates.io-index)",
]

[[package]]
name = "hidapi"
version = "1.2.0"
source = "registry+https://github.com/rust-lang/crates.io-index"
dependencies = [
 "cc 1.0.50 (registry+https://github.com/rust-lang/crates.io-index)",
 "libc 0.2.67 (registry+https://github.com/rust-lang/crates.io-index)",
 "pkg-config 0.3.17 (registry+https://github.com/rust-lang/crates.io-index)",
]

[[package]]
name = "ihex"
version = "1.1.2"
source = "registry+https://github.com/rust-lang/crates.io-index"

[[package]]
name = "indexmap"
version = "1.3.2"
source = "registry+https://github.com/rust-lang/crates.io-index"
dependencies = [
 "autocfg 1.0.0 (registry+https://github.com/rust-lang/crates.io-index)",
]

[[package]]
name = "insta"
version = "0.16.0"
source = "registry+https://github.com/rust-lang/crates.io-index"
dependencies = [
 "console 0.10.0 (registry+https://github.com/rust-lang/crates.io-index)",
 "difference 2.0.0 (registry+https://github.com/rust-lang/crates.io-index)",
 "lazy_static 1.4.0 (registry+https://github.com/rust-lang/crates.io-index)",
 "serde 1.0.106 (registry+https://github.com/rust-lang/crates.io-index)",
 "serde_json 1.0.51 (registry+https://github.com/rust-lang/crates.io-index)",
 "serde_yaml 0.8.11 (registry+https://github.com/rust-lang/crates.io-index)",
]

[[package]]
name = "itoa"
version = "0.4.5"
source = "registry+https://github.com/rust-lang/crates.io-index"

[[package]]
name = "jaylink"
version = "0.1.1"
source = "registry+https://github.com/rust-lang/crates.io-index"
dependencies = [
 "bitflags 1.2.1 (registry+https://github.com/rust-lang/crates.io-index)",
 "byteorder 1.3.4 (registry+https://github.com/rust-lang/crates.io-index)",
 "log 0.4.8 (registry+https://github.com/rust-lang/crates.io-index)",
 "rusb 0.5.5 (registry+https://github.com/rust-lang/crates.io-index)",
]

[[package]]
name = "jep106"
version = "0.2.4"
source = "registry+https://github.com/rust-lang/crates.io-index"
dependencies = [
 "serde 1.0.106 (registry+https://github.com/rust-lang/crates.io-index)",
]

[[package]]
name = "lazy_static"
version = "1.4.0"
source = "registry+https://github.com/rust-lang/crates.io-index"

[[package]]
name = "libc"
version = "0.2.67"
source = "registry+https://github.com/rust-lang/crates.io-index"

[[package]]
name = "libflate"
version = "0.1.27"
source = "registry+https://github.com/rust-lang/crates.io-index"
dependencies = [
 "adler32 1.0.4 (registry+https://github.com/rust-lang/crates.io-index)",
 "crc32fast 1.2.0 (registry+https://github.com/rust-lang/crates.io-index)",
 "rle-decode-fast 1.0.1 (registry+https://github.com/rust-lang/crates.io-index)",
 "take_mut 0.2.2 (registry+https://github.com/rust-lang/crates.io-index)",
]

[[package]]
name = "libusb1-sys"
version = "0.3.5"
source = "registry+https://github.com/rust-lang/crates.io-index"
dependencies = [
 "cc 1.0.50 (registry+https://github.com/rust-lang/crates.io-index)",
 "libc 0.2.67 (registry+https://github.com/rust-lang/crates.io-index)",
 "libflate 0.1.27 (registry+https://github.com/rust-lang/crates.io-index)",
 "pkg-config 0.3.17 (registry+https://github.com/rust-lang/crates.io-index)",
 "tar 0.4.26 (registry+https://github.com/rust-lang/crates.io-index)",
 "vcpkg 0.2.8 (registry+https://github.com/rust-lang/crates.io-index)",
]

[[package]]
name = "linked-hash-map"
version = "0.5.2"
source = "registry+https://github.com/rust-lang/crates.io-index"

[[package]]
name = "log"
version = "0.4.8"
source = "registry+https://github.com/rust-lang/crates.io-index"
dependencies = [
 "cfg-if 0.1.10 (registry+https://github.com/rust-lang/crates.io-index)",
]

[[package]]
name = "memchr"
version = "2.3.3"
source = "registry+https://github.com/rust-lang/crates.io-index"

[[package]]
name = "memmap"
version = "0.7.0"
source = "registry+https://github.com/rust-lang/crates.io-index"
dependencies = [
 "libc 0.2.67 (registry+https://github.com/rust-lang/crates.io-index)",
 "winapi 0.3.8 (registry+https://github.com/rust-lang/crates.io-index)",
]

[[package]]
name = "miniz_oxide"
version = "0.3.6"
source = "registry+https://github.com/rust-lang/crates.io-index"
dependencies = [
 "adler32 1.0.4 (registry+https://github.com/rust-lang/crates.io-index)",
]

[[package]]
name = "num-integer"
version = "0.1.42"
source = "registry+https://github.com/rust-lang/crates.io-index"
dependencies = [
 "autocfg 1.0.0 (registry+https://github.com/rust-lang/crates.io-index)",
 "num-traits 0.2.11 (registry+https://github.com/rust-lang/crates.io-index)",
]

[[package]]
name = "num-traits"
version = "0.2.11"
source = "registry+https://github.com/rust-lang/crates.io-index"
dependencies = [
 "autocfg 1.0.0 (registry+https://github.com/rust-lang/crates.io-index)",
]

[[package]]
name = "object"
version = "0.19.0"
source = "registry+https://github.com/rust-lang/crates.io-index"
dependencies = [
 "flate2 1.0.13 (registry+https://github.com/rust-lang/crates.io-index)",
 "wasmparser 0.54.0 (registry+https://github.com/rust-lang/crates.io-index)",
]

[[package]]
name = "pkg-config"
version = "0.3.17"
source = "registry+https://github.com/rust-lang/crates.io-index"

[[package]]
name = "plain"
version = "0.2.3"
source = "registry+https://github.com/rust-lang/crates.io-index"

[[package]]
name = "predicates"
version = "1.0.4"
source = "registry+https://github.com/rust-lang/crates.io-index"
dependencies = [
 "difference 2.0.0 (registry+https://github.com/rust-lang/crates.io-index)",
 "predicates-core 1.0.0 (registry+https://github.com/rust-lang/crates.io-index)",
]

[[package]]
name = "predicates-core"
version = "1.0.0"
source = "registry+https://github.com/rust-lang/crates.io-index"

[[package]]
name = "predicates-tree"
version = "1.0.0"
source = "registry+https://github.com/rust-lang/crates.io-index"
dependencies = [
 "predicates-core 1.0.0 (registry+https://github.com/rust-lang/crates.io-index)",
 "treeline 0.1.0 (registry+https://github.com/rust-lang/crates.io-index)",
]

[[package]]
name = "probe-rs"
version = "0.7.1"
source = "registry+https://github.com/rust-lang/crates.io-index"
dependencies = [
 "anyhow 1.0.31 (registry+https://github.com/rust-lang/crates.io-index)",
 "base64 0.12.0 (registry+https://github.com/rust-lang/crates.io-index)",
 "bitfield 0.13.2 (registry+https://github.com/rust-lang/crates.io-index)",
 "derivative 2.0.2 (registry+https://github.com/rust-lang/crates.io-index)",
 "enum-primitive-derive 0.2.1 (registry+https://github.com/rust-lang/crates.io-index)",
 "gimli 0.21.0 (registry+https://github.com/rust-lang/crates.io-index)",
 "goblin 0.2.0 (registry+https://github.com/rust-lang/crates.io-index)",
 "hidapi 1.2.0 (registry+https://github.com/rust-lang/crates.io-index)",
 "ihex 1.1.2 (registry+https://github.com/rust-lang/crates.io-index)",
 "jaylink 0.1.1 (registry+https://github.com/rust-lang/crates.io-index)",
 "jep106 0.2.4 (registry+https://github.com/rust-lang/crates.io-index)",
 "lazy_static 1.4.0 (registry+https://github.com/rust-lang/crates.io-index)",
 "log 0.4.8 (registry+https://github.com/rust-lang/crates.io-index)",
 "num-traits 0.2.11 (registry+https://github.com/rust-lang/crates.io-index)",
 "object 0.19.0 (registry+https://github.com/rust-lang/crates.io-index)",
 "probe-rs-t2rust 0.6.0 (registry+https://github.com/rust-lang/crates.io-index)",
 "rusb 0.5.5 (registry+https://github.com/rust-lang/crates.io-index)",
 "scroll 0.10.1 (registry+https://github.com/rust-lang/crates.io-index)",
 "serde 1.0.106 (registry+https://github.com/rust-lang/crates.io-index)",
 "serde_yaml 0.8.11 (registry+https://github.com/rust-lang/crates.io-index)",
 "svg 0.7.1 (registry+https://github.com/rust-lang/crates.io-index)",
 "thiserror 1.0.11 (registry+https://github.com/rust-lang/crates.io-index)",
]

[[package]]
name = "probe-rs-debugadapter"
version = "0.1.0"
dependencies = [
 "assert_cmd 0.10.2 (registry+https://github.com/rust-lang/crates.io-index)",
 "clap 2.33.0 (registry+https://github.com/rust-lang/crates.io-index)",
 "debugserver-types 0.5.0 (registry+https://github.com/rust-lang/crates.io-index)",
 "insta 0.16.0 (registry+https://github.com/rust-lang/crates.io-index)",
 "log 0.4.8 (registry+https://github.com/rust-lang/crates.io-index)",
 "memmap 0.7.0 (registry+https://github.com/rust-lang/crates.io-index)",
 "probe-rs 0.7.1 (registry+https://github.com/rust-lang/crates.io-index)",
 "serde 1.0.106 (registry+https://github.com/rust-lang/crates.io-index)",
 "serde_json 1.0.51 (registry+https://github.com/rust-lang/crates.io-index)",
 "simplelog 0.8.0 (registry+https://github.com/rust-lang/crates.io-index)",
]

[[package]]
name = "probe-rs-t2rust"
version = "0.6.0"
source = "registry+https://github.com/rust-lang/crates.io-index"
dependencies = [
 "base64 0.12.0 (registry+https://github.com/rust-lang/crates.io-index)",
 "proc-macro2 1.0.9 (registry+https://github.com/rust-lang/crates.io-index)",
 "quote 1.0.2 (registry+https://github.com/rust-lang/crates.io-index)",
 "scroll 0.10.1 (registry+https://github.com/rust-lang/crates.io-index)",
 "serde_yaml 0.8.11 (registry+https://github.com/rust-lang/crates.io-index)",
]

[[package]]
name = "proc-macro2"
version = "0.4.30"
source = "registry+https://github.com/rust-lang/crates.io-index"
dependencies = [
 "unicode-xid 0.1.0 (registry+https://github.com/rust-lang/crates.io-index)",
]

[[package]]
name = "proc-macro2"
version = "1.0.9"
source = "registry+https://github.com/rust-lang/crates.io-index"
dependencies = [
 "unicode-xid 0.2.0 (registry+https://github.com/rust-lang/crates.io-index)",
]

[[package]]
name = "quote"
version = "0.6.13"
source = "registry+https://github.com/rust-lang/crates.io-index"
dependencies = [
 "proc-macro2 0.4.30 (registry+https://github.com/rust-lang/crates.io-index)",
]

[[package]]
name = "quote"
version = "1.0.2"
source = "registry+https://github.com/rust-lang/crates.io-index"
dependencies = [
 "proc-macro2 1.0.9 (registry+https://github.com/rust-lang/crates.io-index)",
]

[[package]]
name = "redox_syscall"
version = "0.1.56"
source = "registry+https://github.com/rust-lang/crates.io-index"

[[package]]
name = "regex"
version = "1.3.4"
source = "registry+https://github.com/rust-lang/crates.io-index"
dependencies = [
 "aho-corasick 0.7.9 (registry+https://github.com/rust-lang/crates.io-index)",
 "memchr 2.3.3 (registry+https://github.com/rust-lang/crates.io-index)",
 "regex-syntax 0.6.16 (registry+https://github.com/rust-lang/crates.io-index)",
 "thread_local 1.0.1 (registry+https://github.com/rust-lang/crates.io-index)",
]

[[package]]
name = "regex-syntax"
version = "0.6.16"
source = "registry+https://github.com/rust-lang/crates.io-index"

[[package]]
name = "rle-decode-fast"
version = "1.0.1"
source = "registry+https://github.com/rust-lang/crates.io-index"

[[package]]
name = "rusb"
version = "0.5.5"
source = "registry+https://github.com/rust-lang/crates.io-index"
dependencies = [
 "bit-set 0.5.1 (registry+https://github.com/rust-lang/crates.io-index)",
 "libc 0.2.67 (registry+https://github.com/rust-lang/crates.io-index)",
 "libusb1-sys 0.3.5 (registry+https://github.com/rust-lang/crates.io-index)",
]

[[package]]
name = "ryu"
version = "1.0.2"
source = "registry+https://github.com/rust-lang/crates.io-index"

[[package]]
name = "schemafy"
version = "0.5.0"
source = "registry+https://github.com/rust-lang/crates.io-index"
dependencies = [
 "Inflector 0.11.4 (registry+https://github.com/rust-lang/crates.io-index)",
 "proc-macro2 0.4.30 (registry+https://github.com/rust-lang/crates.io-index)",
 "quote 0.6.13 (registry+https://github.com/rust-lang/crates.io-index)",
 "schemafy_core 0.5.0 (registry+https://github.com/rust-lang/crates.io-index)",
 "serde 1.0.106 (registry+https://github.com/rust-lang/crates.io-index)",
 "serde_derive 1.0.106 (registry+https://github.com/rust-lang/crates.io-index)",
 "serde_json 1.0.51 (registry+https://github.com/rust-lang/crates.io-index)",
 "syn 0.15.44 (registry+https://github.com/rust-lang/crates.io-index)",
]

[[package]]
name = "schemafy_core"
version = "0.5.0"
source = "registry+https://github.com/rust-lang/crates.io-index"
dependencies = [
 "serde 1.0.106 (registry+https://github.com/rust-lang/crates.io-index)",
 "serde_json 1.0.51 (registry+https://github.com/rust-lang/crates.io-index)",
]

[[package]]
name = "scroll"
version = "0.10.1"
source = "registry+https://github.com/rust-lang/crates.io-index"
dependencies = [
 "scroll_derive 0.10.1 (registry+https://github.com/rust-lang/crates.io-index)",
]

[[package]]
name = "scroll_derive"
version = "0.10.1"
source = "registry+https://github.com/rust-lang/crates.io-index"
dependencies = [
 "proc-macro2 1.0.9 (registry+https://github.com/rust-lang/crates.io-index)",
 "quote 1.0.2 (registry+https://github.com/rust-lang/crates.io-index)",
 "syn 1.0.16 (registry+https://github.com/rust-lang/crates.io-index)",
]

[[package]]
name = "serde"
version = "1.0.106"
source = "registry+https://github.com/rust-lang/crates.io-index"
dependencies = [
 "serde_derive 1.0.106 (registry+https://github.com/rust-lang/crates.io-index)",
]

[[package]]
name = "serde_derive"
version = "1.0.106"
source = "registry+https://github.com/rust-lang/crates.io-index"
dependencies = [
 "proc-macro2 1.0.9 (registry+https://github.com/rust-lang/crates.io-index)",
 "quote 1.0.2 (registry+https://github.com/rust-lang/crates.io-index)",
 "syn 1.0.16 (registry+https://github.com/rust-lang/crates.io-index)",
]

[[package]]
name = "serde_json"
version = "1.0.51"
source = "registry+https://github.com/rust-lang/crates.io-index"
dependencies = [
 "itoa 0.4.5 (registry+https://github.com/rust-lang/crates.io-index)",
 "ryu 1.0.2 (registry+https://github.com/rust-lang/crates.io-index)",
 "serde 1.0.106 (registry+https://github.com/rust-lang/crates.io-index)",
]

[[package]]
name = "serde_yaml"
version = "0.8.11"
source = "registry+https://github.com/rust-lang/crates.io-index"
dependencies = [
 "dtoa 0.4.5 (registry+https://github.com/rust-lang/crates.io-index)",
 "linked-hash-map 0.5.2 (registry+https://github.com/rust-lang/crates.io-index)",
 "serde 1.0.106 (registry+https://github.com/rust-lang/crates.io-index)",
 "yaml-rust 0.4.3 (registry+https://github.com/rust-lang/crates.io-index)",
]

[[package]]
name = "simplelog"
version = "0.8.0"
source = "registry+https://github.com/rust-lang/crates.io-index"
dependencies = [
 "chrono 0.4.10 (registry+https://github.com/rust-lang/crates.io-index)",
 "log 0.4.8 (registry+https://github.com/rust-lang/crates.io-index)",
 "termcolor 1.1.0 (registry+https://github.com/rust-lang/crates.io-index)",
]

[[package]]
name = "stable_deref_trait"
version = "1.1.1"
source = "registry+https://github.com/rust-lang/crates.io-index"

[[package]]
name = "strsim"
version = "0.8.0"
source = "registry+https://github.com/rust-lang/crates.io-index"

[[package]]
name = "svg"
version = "0.7.1"
source = "registry+https://github.com/rust-lang/crates.io-index"

[[package]]
name = "syn"
version = "0.15.44"
source = "registry+https://github.com/rust-lang/crates.io-index"
dependencies = [
 "proc-macro2 0.4.30 (registry+https://github.com/rust-lang/crates.io-index)",
 "quote 0.6.13 (registry+https://github.com/rust-lang/crates.io-index)",
 "unicode-xid 0.1.0 (registry+https://github.com/rust-lang/crates.io-index)",
]

[[package]]
name = "syn"
version = "1.0.16"
source = "registry+https://github.com/rust-lang/crates.io-index"
dependencies = [
 "proc-macro2 1.0.9 (registry+https://github.com/rust-lang/crates.io-index)",
 "quote 1.0.2 (registry+https://github.com/rust-lang/crates.io-index)",
 "unicode-xid 0.2.0 (registry+https://github.com/rust-lang/crates.io-index)",
]

[[package]]
name = "take_mut"
version = "0.2.2"
source = "registry+https://github.com/rust-lang/crates.io-index"

[[package]]
name = "tar"
version = "0.4.26"
source = "registry+https://github.com/rust-lang/crates.io-index"
dependencies = [
 "filetime 0.2.8 (registry+https://github.com/rust-lang/crates.io-index)",
 "libc 0.2.67 (registry+https://github.com/rust-lang/crates.io-index)",
 "redox_syscall 0.1.56 (registry+https://github.com/rust-lang/crates.io-index)",
 "xattr 0.2.2 (registry+https://github.com/rust-lang/crates.io-index)",
]

[[package]]
name = "termcolor"
version = "1.1.0"
source = "registry+https://github.com/rust-lang/crates.io-index"
dependencies = [
 "winapi-util 0.1.5 (registry+https://github.com/rust-lang/crates.io-index)",
]

[[package]]
name = "termios"
version = "0.3.1"
source = "registry+https://github.com/rust-lang/crates.io-index"
dependencies = [
 "libc 0.2.67 (registry+https://github.com/rust-lang/crates.io-index)",
]

[[package]]
name = "textwrap"
version = "0.11.0"
source = "registry+https://github.com/rust-lang/crates.io-index"
dependencies = [
 "unicode-width 0.1.7 (registry+https://github.com/rust-lang/crates.io-index)",
]

[[package]]
name = "thiserror"
version = "1.0.11"
source = "registry+https://github.com/rust-lang/crates.io-index"
dependencies = [
 "thiserror-impl 1.0.11 (registry+https://github.com/rust-lang/crates.io-index)",
]

[[package]]
name = "thiserror-impl"
version = "1.0.11"
source = "registry+https://github.com/rust-lang/crates.io-index"
dependencies = [
 "proc-macro2 1.0.9 (registry+https://github.com/rust-lang/crates.io-index)",
 "quote 1.0.2 (registry+https://github.com/rust-lang/crates.io-index)",
 "syn 1.0.16 (registry+https://github.com/rust-lang/crates.io-index)",
]

[[package]]
name = "thread_local"
version = "1.0.1"
source = "registry+https://github.com/rust-lang/crates.io-index"
dependencies = [
 "lazy_static 1.4.0 (registry+https://github.com/rust-lang/crates.io-index)",
]

[[package]]
name = "time"
version = "0.1.42"
source = "registry+https://github.com/rust-lang/crates.io-index"
dependencies = [
 "libc 0.2.67 (registry+https://github.com/rust-lang/crates.io-index)",
 "redox_syscall 0.1.56 (registry+https://github.com/rust-lang/crates.io-index)",
 "winapi 0.3.8 (registry+https://github.com/rust-lang/crates.io-index)",
]

[[package]]
name = "treeline"
version = "0.1.0"
source = "registry+https://github.com/rust-lang/crates.io-index"

[[package]]
name = "unicode-width"
version = "0.1.7"
source = "registry+https://github.com/rust-lang/crates.io-index"

[[package]]
name = "unicode-xid"
version = "0.1.0"
source = "registry+https://github.com/rust-lang/crates.io-index"

[[package]]
name = "unicode-xid"
version = "0.2.0"
source = "registry+https://github.com/rust-lang/crates.io-index"

[[package]]
name = "vcpkg"
version = "0.2.8"
source = "registry+https://github.com/rust-lang/crates.io-index"

[[package]]
name = "vec_map"
version = "0.8.1"
source = "registry+https://github.com/rust-lang/crates.io-index"

[[package]]
name = "wasmparser"
version = "0.54.0"
source = "registry+https://github.com/rust-lang/crates.io-index"

[[package]]
name = "winapi"
version = "0.3.8"
source = "registry+https://github.com/rust-lang/crates.io-index"
dependencies = [
 "winapi-i686-pc-windows-gnu 0.4.0 (registry+https://github.com/rust-lang/crates.io-index)",
 "winapi-x86_64-pc-windows-gnu 0.4.0 (registry+https://github.com/rust-lang/crates.io-index)",
]

[[package]]
name = "winapi-i686-pc-windows-gnu"
version = "0.4.0"
source = "registry+https://github.com/rust-lang/crates.io-index"

[[package]]
name = "winapi-util"
version = "0.1.5"
source = "registry+https://github.com/rust-lang/crates.io-index"
dependencies = [
 "winapi 0.3.8 (registry+https://github.com/rust-lang/crates.io-index)",
]

[[package]]
name = "winapi-x86_64-pc-windows-gnu"
version = "0.4.0"
source = "registry+https://github.com/rust-lang/crates.io-index"

[[package]]
name = "xattr"
version = "0.2.2"
source = "registry+https://github.com/rust-lang/crates.io-index"
dependencies = [
 "libc 0.2.67 (registry+https://github.com/rust-lang/crates.io-index)",
]

[[package]]
name = "yaml-rust"
version = "0.4.3"
source = "registry+https://github.com/rust-lang/crates.io-index"
dependencies = [
 "linked-hash-map 0.5.2 (registry+https://github.com/rust-lang/crates.io-index)",
]

[metadata]
"checksum Inflector 0.11.4 (registry+https://github.com/rust-lang/crates.io-index)" = "fe438c63458706e03479442743baae6c88256498e6431708f6dfc520a26515d3"
"checksum adler32 1.0.4 (registry+https://github.com/rust-lang/crates.io-index)" = "5d2e7343e7fc9de883d1b0341e0b13970f764c14101234857d2ddafa1cb1cac2"
"checksum aho-corasick 0.7.9 (registry+https://github.com/rust-lang/crates.io-index)" = "d5e63fd144e18ba274ae7095c0197a870a7b9468abc801dd62f190d80817d2ec"
"checksum ansi_term 0.11.0 (registry+https://github.com/rust-lang/crates.io-index)" = "ee49baf6cb617b853aa8d93bf420db2383fab46d314482ca2803b40d5fde979b"
"checksum anyhow 1.0.31 (registry+https://github.com/rust-lang/crates.io-index)" = "85bb70cc08ec97ca5450e6eba421deeea5f172c0fc61f78b5357b2a8e8be195f"
"checksum assert_cmd 0.10.2 (registry+https://github.com/rust-lang/crates.io-index)" = "b7ac5c260f75e4e4ba87b7342be6edcecbcb3eb6741a0507fda7ad115845cc65"
"checksum atty 0.2.14 (registry+https://github.com/rust-lang/crates.io-index)" = "d9b39be18770d11421cdb1b9947a45dd3f37e93092cbf377614828a319d5fee8"
"checksum autocfg 1.0.0 (registry+https://github.com/rust-lang/crates.io-index)" = "f8aac770f1885fd7e387acedd76065302551364496e46b3dd00860b2f8359b9d"
"checksum base64 0.12.0 (registry+https://github.com/rust-lang/crates.io-index)" = "7d5ca2cd0adc3f48f9e9ea5a6bbdf9ccc0bfade884847e484d452414c7ccffb3"
"checksum bit-set 0.5.1 (registry+https://github.com/rust-lang/crates.io-index)" = "e84c238982c4b1e1ee668d136c510c67a13465279c0cb367ea6baf6310620a80"
"checksum bit-vec 0.5.1 (registry+https://github.com/rust-lang/crates.io-index)" = "f59bbe95d4e52a6398ec21238d31577f2b28a9d86807f06ca59d191d8440d0bb"
"checksum bitfield 0.13.2 (registry+https://github.com/rust-lang/crates.io-index)" = "46afbd2983a5d5a7bd740ccb198caf5b82f45c40c09c0eed36052d91cb92e719"
"checksum bitflags 1.2.1 (registry+https://github.com/rust-lang/crates.io-index)" = "cf1de2fe8c75bc145a2f577add951f8134889b4795d47466a54a5c846d691693"
"checksum byteorder 1.3.4 (registry+https://github.com/rust-lang/crates.io-index)" = "08c48aae112d48ed9f069b33538ea9e3e90aa263cfa3d1c24309612b1f7472de"
"checksum cc 1.0.50 (registry+https://github.com/rust-lang/crates.io-index)" = "95e28fa049fda1c330bcf9d723be7663a899c4679724b34c81e9f5a326aab8cd"
"checksum cfg-if 0.1.10 (registry+https://github.com/rust-lang/crates.io-index)" = "4785bdd1c96b2a846b2bd7cc02e86b6b3dbf14e7e53446c4f54c92a361040822"
"checksum chrono 0.4.10 (registry+https://github.com/rust-lang/crates.io-index)" = "31850b4a4d6bae316f7a09e691c944c28299298837edc0a03f755618c23cbc01"
"checksum clap 2.33.0 (registry+https://github.com/rust-lang/crates.io-index)" = "5067f5bb2d80ef5d68b4c87db81601f0b75bca627bc2ef76b141d7b846a3c6d9"
"checksum clicolors-control 1.0.1 (registry+https://github.com/rust-lang/crates.io-index)" = "90082ee5dcdd64dc4e9e0d37fbf3ee325419e39c0092191e0393df65518f741e"
"checksum console 0.10.0 (registry+https://github.com/rust-lang/crates.io-index)" = "6728a28023f207181b193262711102bfbaf47cc9d13bc71d0736607ef8efe88c"
"checksum crc32fast 1.2.0 (registry+https://github.com/rust-lang/crates.io-index)" = "ba125de2af0df55319f41944744ad91c71113bf74a4646efff39afe1f6842db1"
"checksum debugserver-types 0.5.0 (registry+https://github.com/rust-lang/crates.io-index)" = "2bf6834a70ed14e8e4e41882df27190bea150f1f6ecf461f1033f8739cd8af4a"
"checksum derivative 2.0.2 (registry+https://github.com/rust-lang/crates.io-index)" = "1b94d2eb97732ec84b4e25eaf37db890e317b80e921f168c82cb5282473f8151"
"checksum difference 2.0.0 (registry+https://github.com/rust-lang/crates.io-index)" = "524cbf6897b527295dff137cec09ecf3a05f4fddffd7dfcd1585403449e74198"
"checksum dtoa 0.4.5 (registry+https://github.com/rust-lang/crates.io-index)" = "4358a9e11b9a09cf52383b451b49a169e8d797b68aa02301ff586d70d9661ea3"
"checksum encode_unicode 0.3.6 (registry+https://github.com/rust-lang/crates.io-index)" = "a357d28ed41a50f9c765dbfe56cbc04a64e53e5fc58ba79fbc34c10ef3df831f"
"checksum enum-primitive-derive 0.2.1 (registry+https://github.com/rust-lang/crates.io-index)" = "5f52288f9a7ebb08959188872b58e7eaa12af9cb47da8e94158e16da7e143340"
"checksum escargot 0.3.1 (registry+https://github.com/rust-lang/crates.io-index)" = "19db1f7e74438642a5018cdf263bb1325b2e792f02dd0a3ca6d6c0f0d7b1d5a5"
"checksum fallible-iterator 0.2.0 (registry+https://github.com/rust-lang/crates.io-index)" = "4443176a9f2c162692bd3d352d745ef9413eec5782a80d8fd6f8a1ac692a07f7"
"checksum filetime 0.2.8 (registry+https://github.com/rust-lang/crates.io-index)" = "1ff6d4dab0aa0c8e6346d46052e93b13a16cf847b54ed357087c35011048cc7d"
"checksum flate2 1.0.13 (registry+https://github.com/rust-lang/crates.io-index)" = "6bd6d6f4752952feb71363cffc9ebac9411b75b87c6ab6058c40c8900cf43c0f"
"checksum gimli 0.21.0 (registry+https://github.com/rust-lang/crates.io-index)" = "bcc8e0c9bce37868955864dbecd2b1ab2bdf967e6f28066d65aaac620444b65c"
"checksum goblin 0.2.0 (registry+https://github.com/rust-lang/crates.io-index)" = "0259546d6aed5dd1f4efc3ae663cae62912ceb927c0e96ae1fc8a22ab1516763"
"checksum hermit-abi 0.1.8 (registry+https://github.com/rust-lang/crates.io-index)" = "1010591b26bbfe835e9faeabeb11866061cc7dcebffd56ad7d0942d0e61aefd8"
"checksum hidapi 1.2.0 (registry+https://github.com/rust-lang/crates.io-index)" = "1cfd6cd631a5f39abaabad541f0b64bfcb7e55fa5c7de9a1e5d5578cb86dd687"
"checksum ihex 1.1.2 (registry+https://github.com/rust-lang/crates.io-index)" = "9394ec1fbc3afbdfb357ba267a7fffdc39f6e3d8ba88c0af6d9476e6d3c889d5"
"checksum indexmap 1.3.2 (registry+https://github.com/rust-lang/crates.io-index)" = "076f042c5b7b98f31d205f1249267e12a6518c1481e9dae9764af19b707d2292"
"checksum insta 0.16.0 (registry+https://github.com/rust-lang/crates.io-index)" = "8386e795fb3927131ea4cede203c529a333652eb6dc4ff29616b832b27e9b096"
"checksum itoa 0.4.5 (registry+https://github.com/rust-lang/crates.io-index)" = "b8b7a7c0c47db5545ed3fef7468ee7bb5b74691498139e4b3f6a20685dc6dd8e"
"checksum jaylink 0.1.1 (registry+https://github.com/rust-lang/crates.io-index)" = "f7303af61073160fc72f7f56ae5bf39234ea85387441101229224a8d64b2057b"
"checksum jep106 0.2.4 (registry+https://github.com/rust-lang/crates.io-index)" = "f57cd08ee4fbc8043949150a59e34ea5f2afeb172f875db9607689e48600c653"
"checksum lazy_static 1.4.0 (registry+https://github.com/rust-lang/crates.io-index)" = "e2abad23fbc42b3700f2f279844dc832adb2b2eb069b2df918f455c4e18cc646"
"checksum libc 0.2.67 (registry+https://github.com/rust-lang/crates.io-index)" = "eb147597cdf94ed43ab7a9038716637d2d1bf2bc571da995d0028dec06bd3018"
"checksum libflate 0.1.27 (registry+https://github.com/rust-lang/crates.io-index)" = "d9135df43b1f5d0e333385cb6e7897ecd1a43d7d11b91ac003f4d2c2d2401fdd"
"checksum libusb1-sys 0.3.5 (registry+https://github.com/rust-lang/crates.io-index)" = "e01d714676f5aeb27d636f5e502b2f65ee734576bbc09c77e8cf5aa5980fb6f9"
"checksum linked-hash-map 0.5.2 (registry+https://github.com/rust-lang/crates.io-index)" = "ae91b68aebc4ddb91978b11a1b02ddd8602a05ec19002801c5666000e05e0f83"
"checksum log 0.4.8 (registry+https://github.com/rust-lang/crates.io-index)" = "14b6052be84e6b71ab17edffc2eeabf5c2c3ae1fdb464aae35ac50c67a44e1f7"
"checksum memchr 2.3.3 (registry+https://github.com/rust-lang/crates.io-index)" = "3728d817d99e5ac407411fa471ff9800a778d88a24685968b36824eaf4bee400"
"checksum memmap 0.7.0 (registry+https://github.com/rust-lang/crates.io-index)" = "6585fd95e7bb50d6cc31e20d4cf9afb4e2ba16c5846fc76793f11218da9c475b"
"checksum miniz_oxide 0.3.6 (registry+https://github.com/rust-lang/crates.io-index)" = "aa679ff6578b1cddee93d7e82e263b94a575e0bfced07284eb0c037c1d2416a5"
"checksum num-integer 0.1.42 (registry+https://github.com/rust-lang/crates.io-index)" = "3f6ea62e9d81a77cd3ee9a2a5b9b609447857f3d358704331e4ef39eb247fcba"
"checksum num-traits 0.2.11 (registry+https://github.com/rust-lang/crates.io-index)" = "c62be47e61d1842b9170f0fdeec8eba98e60e90e5446449a0545e5152acd7096"
"checksum object 0.19.0 (registry+https://github.com/rust-lang/crates.io-index)" = "9cbca9424c482ee628fa549d9c812e2cd22f1180b9222c9200fdfa6eb31aecb2"
"checksum pkg-config 0.3.17 (registry+https://github.com/rust-lang/crates.io-index)" = "05da548ad6865900e60eaba7f589cc0783590a92e940c26953ff81ddbab2d677"
"checksum plain 0.2.3 (registry+https://github.com/rust-lang/crates.io-index)" = "b4596b6d070b27117e987119b4dac604f3c58cfb0b191112e24771b2faeac1a6"
"checksum predicates 1.0.4 (registry+https://github.com/rust-lang/crates.io-index)" = "347a1b6f0b21e636bc9872fb60b83b8e185f6f5516298b8238699f7f9a531030"
"checksum predicates-core 1.0.0 (registry+https://github.com/rust-lang/crates.io-index)" = "06075c3a3e92559ff8929e7a280684489ea27fe44805174c3ebd9328dcb37178"
"checksum predicates-tree 1.0.0 (registry+https://github.com/rust-lang/crates.io-index)" = "8e63c4859013b38a76eca2414c64911fba30def9e3202ac461a2d22831220124"
"checksum probe-rs 0.7.1 (registry+https://github.com/rust-lang/crates.io-index)" = "8b9ca8181dafcbef60926cf8ba5584dfa01ce59caf552aae8d7ea0545e6e8ee6"
"checksum probe-rs-t2rust 0.6.0 (registry+https://github.com/rust-lang/crates.io-index)" = "6e0e2d177a33e8c8a46d98767fb01877f1c466826b9c25f88749f35140d0aae0"
"checksum proc-macro2 0.4.30 (registry+https://github.com/rust-lang/crates.io-index)" = "cf3d2011ab5c909338f7887f4fc896d35932e29146c12c8d01da6b22a80ba759"
"checksum proc-macro2 1.0.9 (registry+https://github.com/rust-lang/crates.io-index)" = "6c09721c6781493a2a492a96b5a5bf19b65917fe6728884e7c44dd0c60ca3435"
"checksum quote 0.6.13 (registry+https://github.com/rust-lang/crates.io-index)" = "6ce23b6b870e8f94f81fb0a363d65d86675884b34a09043c81e5562f11c1f8e1"
"checksum quote 1.0.2 (registry+https://github.com/rust-lang/crates.io-index)" = "053a8c8bcc71fcce321828dc897a98ab9760bef03a4fc36693c231e5b3216cfe"
"checksum redox_syscall 0.1.56 (registry+https://github.com/rust-lang/crates.io-index)" = "2439c63f3f6139d1b57529d16bc3b8bb855230c8efcc5d3a896c8bea7c3b1e84"
"checksum regex 1.3.4 (registry+https://github.com/rust-lang/crates.io-index)" = "322cf97724bea3ee221b78fe25ac9c46114ebb51747ad5babd51a2fc6a8235a8"
"checksum regex-syntax 0.6.16 (registry+https://github.com/rust-lang/crates.io-index)" = "1132f845907680735a84409c3bebc64d1364a5683ffbce899550cd09d5eaefc1"
"checksum rle-decode-fast 1.0.1 (registry+https://github.com/rust-lang/crates.io-index)" = "cabe4fa914dec5870285fa7f71f602645da47c486e68486d2b4ceb4a343e90ac"
"checksum rusb 0.5.5 (registry+https://github.com/rust-lang/crates.io-index)" = "d10caa3e5fc7ad1879a679bf16d3304ea10614b8f2f1a1386be4ec942d44062a"
"checksum ryu 1.0.2 (registry+https://github.com/rust-lang/crates.io-index)" = "bfa8506c1de11c9c4e4c38863ccbe02a305c8188e85a05a784c9e11e1c3910c8"
"checksum schemafy 0.5.0 (registry+https://github.com/rust-lang/crates.io-index)" = "2c9602ace69ebb7411e3a835fe56f955030b4fd69e3feeff036e3eb2c95ae53b"
"checksum schemafy_core 0.5.0 (registry+https://github.com/rust-lang/crates.io-index)" = "3dfc78e05a85986973f955ef08304b7b421fa8637a18ce9c6a9e9c3c5eb783c7"
"checksum scroll 0.10.1 (registry+https://github.com/rust-lang/crates.io-index)" = "abb2332cb595d33f7edd5700f4cbf94892e680c7f0ae56adab58a35190b66cb1"
"checksum scroll_derive 0.10.1 (registry+https://github.com/rust-lang/crates.io-index)" = "f8584eea9b9ff42825b46faf46a8c24d2cff13ec152fa2a50df788b87c07ee28"
"checksum serde 1.0.106 (registry+https://github.com/rust-lang/crates.io-index)" = "36df6ac6412072f67cf767ebbde4133a5b2e88e76dc6187fa7104cd16f783399"
"checksum serde_derive 1.0.106 (registry+https://github.com/rust-lang/crates.io-index)" = "9e549e3abf4fb8621bd1609f11dfc9f5e50320802273b12f3811a67e6716ea6c"
"checksum serde_json 1.0.51 (registry+https://github.com/rust-lang/crates.io-index)" = "da07b57ee2623368351e9a0488bb0b261322a15a6e0ae53e243cbdc0f4208da9"
"checksum serde_yaml 0.8.11 (registry+https://github.com/rust-lang/crates.io-index)" = "691b17f19fc1ec9d94ec0b5864859290dff279dbd7b03f017afda54eb36c3c35"
"checksum simplelog 0.8.0 (registry+https://github.com/rust-lang/crates.io-index)" = "2b2736f58087298a448859961d3f4a0850b832e72619d75adc69da7993c2cd3c"
"checksum stable_deref_trait 1.1.1 (registry+https://github.com/rust-lang/crates.io-index)" = "dba1a27d3efae4351c8051072d619e3ade2820635c3958d826bfea39d59b54c8"
"checksum strsim 0.8.0 (registry+https://github.com/rust-lang/crates.io-index)" = "8ea5119cdb4c55b55d432abb513a0429384878c15dde60cc77b1c99de1a95a6a"
"checksum svg 0.7.1 (registry+https://github.com/rust-lang/crates.io-index)" = "99bfc4e5077d9047fe8a5cbeb22f0164251e015f85480599892060c07a4e853f"
"checksum syn 0.15.44 (registry+https://github.com/rust-lang/crates.io-index)" = "9ca4b3b69a77cbe1ffc9e198781b7acb0c7365a883670e8f1c1bc66fba79a5c5"
"checksum syn 1.0.16 (registry+https://github.com/rust-lang/crates.io-index)" = "123bd9499cfb380418d509322d7a6d52e5315f064fe4b3ad18a53d6b92c07859"
"checksum take_mut 0.2.2 (registry+https://github.com/rust-lang/crates.io-index)" = "f764005d11ee5f36500a149ace24e00e3da98b0158b3e2d53a7495660d3f4d60"
"checksum tar 0.4.26 (registry+https://github.com/rust-lang/crates.io-index)" = "b3196bfbffbba3e57481b6ea32249fbaf590396a52505a2615adbb79d9d826d3"
"checksum termcolor 1.1.0 (registry+https://github.com/rust-lang/crates.io-index)" = "bb6bfa289a4d7c5766392812c0a1f4c1ba45afa1ad47803c11e1f407d846d75f"
"checksum termios 0.3.1 (registry+https://github.com/rust-lang/crates.io-index)" = "72b620c5ea021d75a735c943269bb07d30c9b77d6ac6b236bc8b5c496ef05625"
"checksum textwrap 0.11.0 (registry+https://github.com/rust-lang/crates.io-index)" = "d326610f408c7a4eb6f51c37c330e496b08506c9457c9d34287ecc38809fb060"
"checksum thiserror 1.0.11 (registry+https://github.com/rust-lang/crates.io-index)" = "ee14bf8e6767ab4c687c9e8bc003879e042a96fd67a3ba5934eadb6536bef4db"
"checksum thiserror-impl 1.0.11 (registry+https://github.com/rust-lang/crates.io-index)" = "a7b51e1fbc44b5a0840be594fbc0f960be09050f2617e61e6aa43bef97cd3ef4"
"checksum thread_local 1.0.1 (registry+https://github.com/rust-lang/crates.io-index)" = "d40c6d1b69745a6ec6fb1ca717914848da4b44ae29d9b3080cbee91d72a69b14"
"checksum time 0.1.42 (registry+https://github.com/rust-lang/crates.io-index)" = "db8dcfca086c1143c9270ac42a2bbd8a7ee477b78ac8e45b19abfb0cbede4b6f"
"checksum treeline 0.1.0 (registry+https://github.com/rust-lang/crates.io-index)" = "a7f741b240f1a48843f9b8e0444fb55fb2a4ff67293b50a9179dfd5ea67f8d41"
"checksum unicode-width 0.1.7 (registry+https://github.com/rust-lang/crates.io-index)" = "caaa9d531767d1ff2150b9332433f32a24622147e5ebb1f26409d5da67afd479"
"checksum unicode-xid 0.1.0 (registry+https://github.com/rust-lang/crates.io-index)" = "fc72304796d0818e357ead4e000d19c9c174ab23dc11093ac919054d20a6a7fc"
"checksum unicode-xid 0.2.0 (registry+https://github.com/rust-lang/crates.io-index)" = "826e7639553986605ec5979c7dd957c7895e93eabed50ab2ffa7f6128a75097c"
"checksum vcpkg 0.2.8 (registry+https://github.com/rust-lang/crates.io-index)" = "3fc439f2794e98976c88a2a2dafce96b930fe8010b0a256b3c2199a773933168"
"checksum vec_map 0.8.1 (registry+https://github.com/rust-lang/crates.io-index)" = "05c78687fb1a80548ae3250346c3db86a80a7cdd77bda190189f2d0a0987c81a"
"checksum wasmparser 0.54.0 (registry+https://github.com/rust-lang/crates.io-index)" = "747467da102640806cf6643e032a70174e7768839bcac7e71a0a9aaa54761d59"
"checksum winapi 0.3.8 (registry+https://github.com/rust-lang/crates.io-index)" = "8093091eeb260906a183e6ae1abdba2ef5ef2257a21801128899c3fc699229c6"
"checksum winapi-i686-pc-windows-gnu 0.4.0 (registry+https://github.com/rust-lang/crates.io-index)" = "ac3b87c63620426dd9b991e5ce0329eff545bccbbb34f3be09ff6fb6ab51b7b6"
"checksum winapi-util 0.1.5 (registry+https://github.com/rust-lang/crates.io-index)" = "70ec6ce85bb158151cae5e5c87f95a8e97d2c0c4b001223f33a334e3ce5de178"
"checksum winapi-x86_64-pc-windows-gnu 0.4.0 (registry+https://github.com/rust-lang/crates.io-index)" = "712e227841d057c1ee1cd2fb22fa7e5a5461ae8e48fa2ca79ec42cfc1931183f"
"checksum xattr 0.2.2 (registry+https://github.com/rust-lang/crates.io-index)" = "244c3741f4240ef46274860397c7c74e50eb23624996930e484c16679633a54c"
"checksum yaml-rust 0.4.3 (registry+https://github.com/rust-lang/crates.io-index)" = "65923dd1784f44da1d2c3dbbc5e822045628c590ba72123e1c73d3c230c4434d"
